{"format_version":"1.2","terraform_version":"1.10.5","variables":{"azs":{"value":["us-east-1a","us-east-1b"]},"env":{"value":"prod"},"instance_ami":{"value":"ami-1234567890abcdef0"},"instance_type":{"value":"t3.small"},"key_name":{"value":null},"name":{"value":"sample"},"region":{"value":"us-east-1"},"ssh_ingress_cidrs":{"value":["0.0.0.0/0"]},"vpc_cidr":{"value":"10.20.0.0/16"}},"planned_values":{"outputs":{"public_subnets":{"sensitive":false},"vpc_id":{"sensitive":false},"web_instance_id":{"sensitive":false}},"root_module":{"child_modules":[{"resources":[{"address":"module.vpc.aws_internet_gateway.this","mode":"managed","type":"aws_internet_gateway","name":"this","provider_name":"registry.opentofu.org/hashicorp/aws","schema_version":0,"values":{"tags":{"Name":"sample-prod-igw"},"tags_all":{"Env":"prod","Name":"sample-prod-igw","Project":"tofu-docker-starter"},"timeouts":null},"sensitive_values":{"tags":{},"tags_all":{}}},{"address":"module.vpc.aws_route_table.public","mode":"managed","type":"aws_route_table","name":"public","provider_name":"registry.opentofu.org/hashicorp/aws","schema_version":0,"values":{"route":[{"carrier_gateway_id":"","cidr_block":"0.0.0.0/0","core_network_arn":"","destination_prefix_list_id":"","egress_only_gateway_id":"","ipv6_cidr_block":"","local_gateway_id":"","nat_gateway_id":"","network_interface_id":"","transit_gateway_id":"","vpc_endpoint_id":"","vpc_peering_connection_id":""}],"tags":{"Name":"sample-prod-public-rt"},"tags_all":{"Env":"prod","Name":"sample-prod-public-rt","Project":"tofu-docker-starter"},"timeouts":null},"sensitive_values":{"propagating_vgws":[],"route":[{}],"tags":{},"tags_all":{}}},{"address":"module.vpc.aws_route_table_association.public[\"0\"]","mode":"managed","type":"aws_route_table_association","name":"public","index":"0","provider_name":"registry.opentofu.org/hashicorp/aws","schema_version":0,"values":{"gateway_id":null,"timeouts":null},"sensitive_values":{}},{"address":"module.vpc.aws_route_table_association.public[\"1\"]","mode":"managed","type":"aws_route_table_association","name":"public","index":"1","provider_name":"registry.opentofu.org/hashicorp/aws","schema_version":0,"values":{"gateway_id":null,"timeouts":null},"sensitive_values":{}},{"address":"module.vpc.aws_subnet.public[\"0\"]","mode":"managed","type":"aws_subnet","name":"public","index":"0","provider_name":"registry.opentofu.org/hashicorp/aws","schema_version":1,"values":{"assign_ipv6_address_on_creation":false,"availability_zone":"us-east-1a","cidr_block":"10.20.0.0/20","customer_owned_ipv4_pool":null,"enable_dns64":false,"enable_lni_at_device_index":null,"enable_resource_name_dns_a_record_on_launch":false,"enable_resource_name_dns_aaaa_record_on_launch":false,"ipv6_cidr_block":null,"ipv6_native":false,"map_customer_owned_ip_on_launch":null,"map_public_ip_on_launch":true,"outpost_arn":null,"tags":{"Name":"sample-prod-public-us-east-1a"},"tags_all":{"Env":"prod","Name":"sample-prod-public-us-east-1a","Project":"tofu-docker-starter"},"timeouts":null},"sensitive_values":{"tags":{},"tags_all":{}}},{"address":"module.vpc.aws_subnet.public[\"1\"]","mode":"managed","type":"aws_subnet","name":"public","index":"1","provider_name":"registry.opentofu.org/hashicorp/aws","schema_version":1,"values":{"assign_ipv6_address_on_creation":false,"availability_zone":"us-east-1b","cidr_block":"10.20.16.0/20","customer_owned_ipv4_pool":null,"enable_dns64":false,"enable_lni_at_device_index":null,"enable_resource_name_dns_a_record_on_launch":false,"enable_resource_name_dns_aaaa_record_on_launch":false,"ipv6_cidr_block":null,"ipv6_native":false,"map_customer_owned_ip_on_launch":null,"map_public_ip_on_launch":true,"outpost_arn":null,"tags":{"Name":"sample-prod-public-us-east-1b"},"tags_all":{"Env":"prod","Name":"sample-prod-public-us-east-1b","Project":"tofu-docker-starter"},"timeouts":null},"sensitive_values":{"tags":{},"tags_all":{}}},{"address":"module.vpc.aws_vpc.this","mode":"managed","type":"aws_vpc","name":"this","provider_name":"registry.opentofu.org/hashicorp/aws","schema_version":1,"values":{"assign_generated_ipv6_cidr_block":null,"cidr_block":"10.20.0.0/16","enable_dns_hostnames":true,"enable_dns_support":true,"instance_tenancy":"default","ipv4_ipam_pool_id":null,"ipv4_netmask_length":null,"ipv6_ipam_pool_id":null,"ipv6_netmask_length":null,"tags":{"Name":"sample-prod-vpc"},"tags_all":{"Env":"prod","Name":"sample-prod-vpc","Project":"tofu-docker-starter"}},"sensitive_values":{"tags":{},"tags_all":{}}}],"address":"module.vpc"},{"resources":[{"address":"module.web.aws_instance.this","mode":"managed","type":"aws_instance","name":"this","provider_name":"registry.opentofu.org/hashicorp/aws","schema_version":1,"values":{"ami":"ami-1234567890abcdef0","credit_specification":[],"get_password_data":false,"hibernation":null,"instance_type":"t3.small","launch_template":[],"source_dest_check":true,"tags":{"Name":"sample-prod-web"},"tags_all":{"Env":"prod","Name":"sample-prod-web","Project":"tofu-docker-starter"},"timeouts":null,"user_data":"","user_data_replace_on_change":false,"volume_tags":null},"sensitive_values":{"capacity_reservation_specification":[],"cpu_options":[],"credit_specification":[],"ebs_block_device":[],"enclave_options":[],"ephemeral_block_device":[],"instance_market_options":[],"ipv6_addresses":[],"launch_template":[],"maintenance_options":[],"metadata_options":[],"network_interface":[],"private_dns_name_options":[],"root_block_device":[],"secondary_private_ips":[],"security_groups":[],"tags":{},"tags_all":{},"vpc_security_group_ids":[]}}],"address":"module.web"},{"resources":[{"address":"module.web_sg.aws_security_group.this","mode":"managed","type":"aws_security_group","name":"this","provider_name":"registry.opentofu.org/hashicorp/aws","schema_version":1,"values":{"description":"Allow SSH/HTTP/HTTPS","egress":[{"cidr_blocks":["0.0.0.0/0"],"description":"","from_port":0,"ipv6_cidr_blocks":[],"prefix_list_ids":[],"protocol":"-1","security_groups":[],"self":false,"to_port":0}],"ingress":[{"cidr_blocks":["0.0.0.0/0"],"description":"","from_port":22,"ipv6_cidr_blocks":[],"prefix_list_ids":[],"protocol":"tcp","security_groups":[],"self":false,"to_port":22},{"cidr_blocks":["0.0.0.0/0"],"description":"","from_port":443,"ipv6_cidr_blocks":[],"prefix_list_ids":[],"protocol":"tcp","security_groups":[],"self":false,"to_port":443},{"cidr_blocks":["0.0.0.0/0"],"description":"","from_port":80,"ipv6_cidr_blocks":[],"prefix_list_ids":[],"protocol":"tcp","security_groups":[],"self":false,"to_port":80}],"name":"sample-prod-sg","revoke_rules_on_delete":false,"tags":{"Name":"sample-prod-sg"},"tags_all":{"Env":"prod","Name":"sample-prod-sg","Project":"tofu-docker-starter"},"timeouts":null},"sensitive_values":{"egress":[{"cidr_blocks":[false],"ipv6_cidr_blocks":[],"prefix_list_ids":[],"security_groups":[]}],"ingress":[{"cidr_blocks":[false],"ipv6_cidr_blocks":[],"prefix_list_ids":[],"security_groups":[]},{"cidr_blocks":[false],"ipv6_cidr_blocks":[],"prefix_list_ids":[],"security_groups":[]},{"cidr_blocks":[false],"ipv6_cidr_blocks":[],"prefix_list_ids":[],"security_groups":[]}],"tags":{},"tags_all":{}}}],"address":"module.web_sg"}]}},"resource_changes":[{"address":"module.vpc.aws_internet_gateway.this","module_address":"module.vpc","mode":"managed","type":"aws_internet_gateway","name":"this","provider_name":"registry.opentofu.org/hashicorp/aws","change":{"actions":["create"],"before":null,"after":{"tags":{"Name":"sample-prod-igw"},"tags_all":{"Env":"prod","Name":"sample-prod-igw","Project":"tofu-docker-starter"},"timeouts":null},"after_unknown":{"arn":true,"id":true,"owner_id":true,"tags":{},"tags_all":{},"vpc_id":true},"before_sensitive":false,"after_sensitive":{"tags":{},"tags_all":{}}}},{"address":"module.vpc.aws_route_table.public","module_address":"module.vpc","mode":"managed","type":"aws_route_table","name":"public","provider_name":"registry.opentofu.org/hashicorp/aws","change":{"actions":["create"],"before":null,"after":{"route":[{"carrier_gateway_id":"","cidr_block":"0.0.0.0/0","core_network_arn":"","destination_prefix_list_id":"","egress_only_gateway_id":"","ipv6_cidr_block":"","local_gateway_id":"","nat_gateway_id":"","network_interface_id":"","transit_gateway_id":"","vpc_endpoint_id":"","vpc_peering_connection_id":""}],"tags":{"Name":"sample-prod-public-rt"},"tags_all":{"Env":"prod","Name":"sample-prod-public-rt","Project":"tofu-docker-starter"},"timeouts":null},"after_unknown":{"arn":true,"id":true,"owner_id":true,"propagating_vgws":true,"route":[{"gateway_id":true}],"tags":{},"tags_all":{},"vpc_id":true},"before_sensitive":false,"after_sensitive":{"propagating_vgws":[],"route":[{}],"tags":{},"tags_all":{}}}},{"address":"module.vpc.aws_route_table_association.public[\"0\"]","module_address":"module.vpc","mode":"managed","type":"aws_route_table_association","name":"public","index":"0","provider_name":"registry.opentofu.org/hashicorp/aws","change":{"actions":["create"],"before":null,"after":{"gateway_id":null,"timeouts":null},"after_unknown":{"id":true,"route_table_id":true,"subnet_id":true},"before_sensitive":false,"after_sensitive":{}}},{"address":"module.vpc.aws_route_table_association.public[\"1\"]","module_address":"module.vpc","mode":"managed","type":"aws_route_table_association","name":"public","index":"1","provider_name":"registry.opentofu.org/hashicorp/aws","change":{"actions":["create"],"before":null,"after":{"gateway_id":null,"timeouts":null},"after_unknown":{"id":true,"route_table_id":true,"subnet_id":true},"before_sensitive":false,"after_sensitive":{}}},{"address":"module.vpc.aws_subnet.public[\"0\"]","module_address":"module.vpc","mode":"managed","type":"aws_subnet","name":"public","index":"0","provider_name":"registry.opentofu.org/hashicorp/aws","change":{"actions":["create"],"before":null,"after":{"assign_ipv6_address_on_creation":false,"availability_zone":"us-east-1a","cidr_block":"10.20.0.0/20","customer_owned_ipv4_pool":null,"enable_dns64":false,"enable_lni_at_device_index":null,"enable_resource_name_dns_a_record_on_launch":false,"enable_resource_name_dns_aaaa_record_on_launch":false,"ipv6_cidr_block":null,"ipv6_native":false,"map_customer_owned_ip_on_launch":null,"map_public_ip_on_launch":true,"outpost_arn":null,"tags":{"Name":"sample-prod-public-us-east-1a"},"tags_all":{"Env":"prod","Name":"sample-prod-public-us-east-1a","Project":"tofu-docker-starter"},"timeouts":null},"after_unknown":{"arn":true,"availability_zone_id":true,"id":true,"ipv6_cidr_block_association_id":true,"owner_id":true,"private_dns_hostname_type_on_launch":true,"tags":{},"tags_all":{},"vpc_id":true},"before_sensitive":false,"after_sensitive":{"tags":{},"tags_all":{}}}},{"address":"module.vpc.aws_subnet.public[\"1\"]","module_address":"module.vpc","mode":"managed","type":"aws_subnet","name":"public","index":"1","provider_name":"registry.opentofu.org/hashicorp/aws","change":{"actions":["create"],"before":null,"after":{"assign_ipv6_address_on_creation":false,"availability_zone":"us-east-1b","cidr_block":"10.20.16.0/20","customer_owned_ipv4_pool":null,"enable_dns64":false,"enable_lni_at_device_index":null,"enable_resource_name_dns_a_record_on_launch":false,"enable_resource_name_dns_aaaa_record_on_launch":false,"ipv6_cidr_block":null,"ipv6_native":false,"map_customer_owned_ip_on_launch":null,"map_public_ip_on_launch":true,"outpost_arn":null,"tags":{"Name":"sample-prod-public-us-east-1b"},"tags_all":{"Env":"prod","Name":"sample-prod-public-us-east-1b","Project":"tofu-docker-starter"},"timeouts":null},"after_unknown":{"arn":true,"availability_zone_id":true,"id":true,"ipv6_cidr_block_association_id":true,"owner_id":true,"private_dns_hostname_type_on_launch":true,"tags":{},"tags_all":{},"vpc_id":true},"before_sensitive":false,"after_sensitive":{"tags":{},"tags_all":{}}}},{"address":"module.vpc.aws_vpc.this","module_address":"module.vpc","mode":"managed","type":"aws_vpc","name":"this","provider_name":"registry.opentofu.org/hashicorp/aws","change":{"actions":["create"],"before":null,"after":{"assign_generated_ipv6_cidr_block":null,"cidr_block":"10.20.0.0/16","enable_dns_hostnames":true,"enable_dns_support":true,"instance_tenancy":"default","ipv4_ipam_pool_id":null,"ipv4_netmask_length":null,"ipv6_ipam_pool_id":null,"ipv6_netmask_length":null,"tags":{"Name":"sample-prod-vpc"},"tags_all":{"Env":"prod","Name":"sample-prod-vpc","Project":"tofu-docker-starter"}},"after_unknown":{"arn":true,"default_network_acl_id":true,"default_route_table_id":true,"default_security_group_id":true,"dhcp_options_id":true,"enable_network_address_usage_metrics":true,"id":true,"ipv6_association_id":true,"ipv6_cidr_block":true,"ipv6_cidr_block_network_border_group":true,"main_route_table_id":true,"owner_id":true,"tags":{},"tags_all":{}},"before_sensitive":false,"after_sensitive":{"tags":{},"tags_all":{}}}},{"address":"module.web.aws_instance.this","module_address":"module.web","mode":"managed","type":"aws_instance","name":"this","provider_name":"registry.opentofu.org/hashicorp/aws","change":{"actions":["create"],"before":null,"after":{"ami":"ami-1234567890abcdef0","credit_specification":[],"get_password_data":false,"hibernation":null,"instance_type":"t3.small","launch_template":[],"source_dest_check":true,"tags":{"Name":"sample-prod-web"},"tags_all":{"Env":"prod","Name":"sample-prod-web","Project":"tofu-docker-starter"},"timeouts":null,"user_data":"","user_data_replace_on_change":false,"volume_tags":null},"after_unknown":{"arn":true,"associate_public_ip_address":true,"availability_zone":true,"capacity_reservation_specification":true,"cpu_core_count":true,"cpu_options":true,"cpu_threads_per_core":true,"credit_specification":[],"disable_api_stop":true,"disable_api_termination":true,"ebs_block_device":true,"ebs_optimized":true,"enable_primary_ipv6":true,"enclave_options":true,"ephemeral_block_device":true,"host_id":true,"host_resource_group_arn":true,"iam_instance_profile":true,"id":true,"instance_initiated_shutdown_behavior":true,"instance_lifecycle":true,"instance_market_options":true,"instance_state":true,"ipv6_address_count":true,"ipv6_addresses":true,"key_name":true,"launch_template":[],"maintenance_options":true,"metadata_options":true,"monitoring":true,"network_interface":true,"outpost_arn":true,"password_data":true,"placement_group":true,"placement_partition_number":true,"primary_network_interface_id":true,"private_dns":true,"private_dns_name_options":true,"private_ip":true,"public_dns":true,"public_ip":true,"root_block_device":true,"secondary_private_ips":true,"security_groups":true,"spot_instance_request_id":true,"subnet_id":true,"tags":{},"tags_all":{},"tenancy":true,"user_data_base64":true,"vpc_security_group_ids":true},"before_sensitive":false,"after_sensitive":{"capacity_reservation_specification":[],"cpu_options":[],"credit_specification":[],"ebs_block_device":[],"enclave_options":[],"ephemeral_block_device":[],"instance_market_options":[],"ipv6_addresses":[],"launch_template":[],"maintenance_options":[],"metadata_options":[],"network_interface":[],"private_dns_name_options":[],"root_block_device":[],"secondary_private_ips":[],"security_groups":[],"tags":{},"tags_all":{},"vpc_security_group_ids":[]}}},{"address":"module.web_sg.aws_security_group.this","module_address":"module.web_sg","mode":"managed","type":"aws_security_group","name":"this","provider_name":"registry.opentofu.org/hashicorp/aws","change":{"actions":["create"],"before":null,"after":{"description":"Allow SSH/HTTP/HTTPS","egress":[{"cidr_blocks":["0.0.0.0/0"],"description":"","from_port":0,"ipv6_cidr_blocks":[],"prefix_list_ids":[],"protocol":"-1","security_groups":[],"self":false,"to_port":0}],"ingress":[{"cidr_blocks":["0.0.0.0/0"],"description":"","from_port":22,"ipv6_cidr_blocks":[],"prefix_list_ids":[],"protocol":"tcp","security_groups":[],"self":false,"to_port":22},{"cidr_blocks":["0.0.0.0/0"],"description":"","from_port":443,"ipv6_cidr_blocks":[],"prefix_list_ids":[],"protocol":"tcp","security_groups":[],"self":false,"to_port":443},{"cidr_blocks":["0.0.0.0/0"],"description":"","from_port":80,"ipv6_cidr_blocks":[],"prefix_list_ids":[],"protocol":"tcp","security_groups":[],"self":false,"to_port":80}],"name":"sample-prod-sg","revoke_rules_on_delete":false,"tags":{"Name":"sample-prod-sg"},"tags_all":{"Env":"prod","Name":"sample-prod-sg","Project":"tofu-docker-starter"},"timeouts":null},"after_unknown":{"arn":true,"egress":[{"cidr_blocks":[false],"ipv6_cidr_blocks":[],"prefix_list_ids":[],"security_groups":[]}],"id":true,"ingress":[{"cidr_blocks":[false],"ipv6_cidr_blocks":[],"prefix_list_ids":[],"security_groups":[]},{"cidr_blocks":[false],"ipv6_cidr_blocks":[],"prefix_list_ids":[],"security_groups":[]},{"cidr_blocks":[false],"ipv6_cidr_blocks":[],"prefix_list_ids":[],"security_groups":[]}],"name_prefix":true,"owner_id":true,"tags":{},"tags_all":{},"vpc_id":true},"before_sensitive":false,"after_sensitive":{"egress":[{"cidr_blocks":[false],"ipv6_cidr_blocks":[],"prefix_list_ids":[],"security_groups":[]}],"ingress":[{"cidr_blocks":[false],"ipv6_cidr_blocks":[],"prefix_list_ids":[],"security_groups":[]},{"cidr_blocks":[false],"ipv6_cidr_blocks":[],"prefix_list_ids":[],"security_groups":[]},{"cidr_blocks":[false],"ipv6_cidr_blocks":[],"prefix_list_ids":[],"security_groups":[]}],"tags":{},"tags_all":{}}}}],"output_changes":{"public_subnets":{"actions":["create"],"before":null,"after":[null,null],"after_unknown":[true,true],"before_sensitive":false,"after_sensitive":false},"vpc_id":{"actions":["create"],"before":null,"after_unknown":true,"before_sensitive":false,"after_sensitive":false},"web_instance_id":{"actions":["create"],"before":null,"after_unknown":true,"before_sensitive":false,"after_sensitive":false}},"configuration":{"provider_config":{"aws":{"name":"aws","full_name":"registry.opentofu.org/hashicorp/aws","version_constraint":"~\u003e 5.0","expressions":{"default_tags":[{"tags":{"references":["var.env"]}}],"region":{"references":["var.region"]},"skip_credentials_validation":{"constant_value":true},"skip_metadata_api_check":{"constant_value":true},"skip_region_validation":{"constant_value":true},"skip_requesting_account_id":{"constant_value":true}}}},"root_module":{"outputs":{"public_subnets":{"expression":{"references":["module.vpc.public_subnet_ids","module.vpc"]}},"vpc_id":{"expression":{"references":["module.vpc.vpc_id","module.vpc"]}},"web_instance_id":{"expression":{"references":["module.web.id","module.web"]}}},"module_calls":{"vpc":{"source":"../../modules/vpc","expressions":{"azs":{"references":["var.azs"]},"cidr_block":{"references":["var.vpc_cidr"]},"name":{"references":["var.name","var.env"]}},"module":{"outputs":{"public_subnet_ids":{"expression":{"references":["aws_subnet.public"]}},"vpc_id":{"expression":{"references":["aws_vpc.this.id","aws_vpc.this"]}}},"resources":[{"address":"aws_internet_gateway.this","mode":"managed","type":"aws_internet_gateway","name":"this","provider_config_key":"aws","expressions":{"tags":{"references":["var.name"]},"vpc_id":{"references":["aws_vpc.this.id","aws_vpc.this"]}},"schema_version":0},{"address":"aws_route_table.public","mode":"managed","type":"aws_route_table","name":"public","provider_config_key":"aws","expressions":{"route":{"references":["aws_internet_gateway.this.id","aws_internet_gateway.this"]},"tags":{"references":["var.name"]},"vpc_id":{"references":["aws_vpc.this.id","aws_vpc.this"]}},"schema_version":0},{"address":"aws_route_table_association.public","mode":"managed","type":"aws_route_table_association","name":"public","provider_config_key":"aws","expressions":{"route_table_id":{"references":["aws_route_table.public.id","aws_route_table.public"]},"subnet_id":{"references":["each.value.id","each.value"]}},"schema_version":0,"for_each_expression":{"references":["aws_subnet.public"]}},{"address":"aws_subnet.public","mode":"managed","type":"aws_subnet","name":"public","provider_config_key":"aws","expressions":{"availability_zone":{"references":["each.value"]},"cidr_block":{"references":["var.cidr_block","each.key"]},"map_public_ip_on_launch":{"constant_value":true},"tags":{"references":["var.name","each.value"]},"vpc_id":{"references":["aws_vpc.this.id","aws_vpc.this"]}},"schema_version":1,"for_each_expression":{"references":["var.azs"]}},{"address":"aws_vpc.this","mode":"managed","type":"aws_vpc","name":"this","provider_config_key":"aws","expressions":{"cidr_block":{"references":["var.cidr_block"]},"enable_dns_hostnames":{"constant_value":true},"enable_dns_support":{"constant_value":true},"tags":{"references":["var.name"]}},"schema_version":1}],"variables":{"azs":{},"cidr_block":{},"name":{}}}},"web":{"source":"../../modules/ec2","expressions":{"ami":{"references":["var.instance_ami"]},"instance_type":{"references":["var.instance_type"]},"key_name":{"references":["var.key_name"]},"name":{"references":["var.name","var.env"]},"security_group_ids":{"references":["module.web_sg.id","module.web_sg"]},"subnet_id":{"references":["module.vpc.public_subnet_ids[0]","module.vpc.public_subnet_ids","module.vpc"]}},"module":{"outputs":{"id":{"expression":{"references":["aws_instance.this.id","aws_instance.this"]}},"public_ip":{"expression":{"references":["aws_instance.this.public_ip","aws_instance.this"]}}},"resources":[{"address":"aws_instance.this","mode":"managed","type":"aws_instance","name":"this","provider_config_key":"aws","expressions":{"ami":{"references":["var.ami"]},"instance_type":{"references":["var.instance_type"]},"key_name":{"references":["var.key_name"]},"subnet_id":{"references":["var.subnet_id"]},"tags":{"references":["var.name"]},"user_data":{"references":["var.user_data"]},"vpc_security_group_ids":{"references":["var.security_group_ids"]}},"schema_version":1}],"variables":{"ami":{},"instance_type":{},"key_name":{"default":null},"name":{},"security_group_ids":{},"subnet_id":{},"user_data":{"default":""}}}},"web_sg":{"source":"../../modules/security_group","expressions":{"ingress_cidrs":{"references":["var.ssh_ingress_cidrs"]},"name":{"references":["var.name","var.env"]},"vpc_id":{"references":["module.vpc.vpc_id","module.vpc"]}},"module":{"outputs":{"id":{"expression":{"references":["aws_security_group.this.id","aws_security_group.this"]}}},"resources":[{"address":"aws_security_group.this","mode":"managed","type":"aws_security_group","name":"this","provider_config_key":"aws","expressions":{"description":{"constant_value":"Allow SSH/HTTP/HTTPS"},"egress":{"constant_value":[{"cidr_blocks":["0.0.0.0/0"],"description":null,"from_port":0,"ipv6_cidr_blocks":null,"prefix_list_ids":null,"protocol":"-1","security_groups":null,"self":null,"to_port":0}]},"ingress":{"references":["var.ingress_cidrs","var.ingress_cidrs","var.ingress_cidrs"]},"name":{"references":["var.name"]},"tags":{"references":["var.name"]},"vpc_id":{"references":["var.vpc_id"]}},"schema_version":1}],"variables":{"ingress_cidrs":{"default":["0.0.0.0/0"]},"name":{},"vpc_id":{}}}}},"variables":{"azs":{"default":["us-east-1a","us-east-1b"]},"env":{"default":"dev"},"instance_ami":{},"instance_type":{"default":"t3.micro"},"key_name":{"default":null},"name":{"default":"sample"},"region":{"default":"us-east-1"},"ssh_ingress_cidrs":{"default":["0.0.0.0/0"]},"vpc_cidr":{"default":"10.0.0.0/16"}}}},"relevant_attributes":[{"resource":"module.vpc.aws_internet_gateway.this","attribute":["id"]},{"resource":"module.vpc.aws_route_table.public","attribute":["id"]},{"resource":"module.vpc.aws_subnet.public","attribute":[]},{"resource":"module.vpc.aws_vpc.this","attribute":["id"]},{"resource":"module.web.aws_instance.this","attribute":["public_ip"]},{"resource":"module.web.aws_instance.this","attribute":["id"]},{"resource":"module.web_sg.aws_security_group.this","attribute":["id"]}],"timestamp":"2025-08-20T13:57:12Z","errored":false}
